// !$*UTF8*$!
{
	archiveVersion = 1;
	classes = {
	};
	objectVersion = 56;
	objects = {

/* Begin PBXBuildFile section */
		637C51C82AE07BD00003039A /* RestaurantMenuApp.swift in Sources */ = {isa = PBXBuildFile; fileRef = 637C51C72AE07BD00003039A /* RestaurantMenuApp.swift */; };
		637C51CA2AE07BD00003039A /* ContentView.swift in Sources */ = {isa = PBXBuildFile; fileRef = 637C51C92AE07BD00003039A /* ContentView.swift */; };
		637C51CC2AE07BD10003039A /* Assets.xcassets in Resources */ = {isa = PBXBuildFile; fileRef = 637C51CB2AE07BD10003039A /* Assets.xcassets */; };
		637C51CF2AE07BD10003039A /* Preview Assets.xcassets in Resources */ = {isa = PBXBuildFile; fileRef = 637C51CE2AE07BD10003039A /* Preview Assets.xcassets */; };
		637C51D82AE07CF40003039A /* RecipeModel.swift in Sources */ = {isa = PBXBuildFile; fileRef = 637C51D72AE07CF40003039A /* RecipeModel.swift */; };
		637C51DA2AE07E090003039A /* Recipe_ViewModel.swift in Sources */ = {isa = PBXBuildFile; fileRef = 637C51D92AE07E090003039A /* Recipe_ViewModel.swift */; };
		637C51DD2AE0904F0003039A /* AddRecipeView.swift in Sources */ = {isa = PBXBuildFile; fileRef = 637C51DC2AE0904F0003039A /* AddRecipeView.swift */; };
		92A6AFCE2AE365E700BD39B8 /* TimerView.swift in Sources */ = {isa = PBXBuildFile; fileRef = 92A6AFCD2AE365E700BD39B8 /* TimerView.swift */; };
/* End PBXBuildFile section */

/* Begin PBXFileReference section */
		637C51C42AE07BD00003039A /* RestaurantMenu.app */ = {isa = PBXFileReference; explicitFileType = wrapper.application; includeInIndex = 0; path = RestaurantMenu.app; sourceTree = BUILT_PRODUCTS_DIR; };
		637C51C72AE07BD00003039A /* RestaurantMenuApp.swift */ = {isa = PBXFileReference; lastKnownFileType = sourcecode.swift; path = RestaurantMenuApp.swift; sourceTree = "<group>"; };
		637C51C92AE07BD00003039A /* ContentView.swift */ = {isa = PBXFileReference; lastKnownFileType = sourcecode.swift; path = ContentView.swift; sourceTree = "<group>"; };
		637C51CB2AE07BD10003039A /* Assets.xcassets */ = {isa = PBXFileReference; lastKnownFileType = folder.assetcatalog; path = Assets.xcassets; sourceTree = "<group>"; };
		637C51CE2AE07BD10003039A /* Preview Assets.xcassets */ = {isa = PBXFileReference; lastKnownFileType = folder.assetcatalog; path = "Preview Assets.xcassets"; sourceTree = "<group>"; };
		637C51D72AE07CF40003039A /* RecipeModel.swift */ = {isa = PBXFileReference; lastKnownFileType = sourcecode.swift; path = RecipeModel.swift; sourceTree = "<group>"; };
		637C51D92AE07E090003039A /* Recipe_ViewModel.swift */ = {isa = PBXFileReference; lastKnownFileType = sourcecode.swift; path = Recipe_ViewModel.swift; sourceTree = "<group>"; };
		637C51DC2AE0904F0003039A /* AddRecipeView.swift */ = {isa = PBXFileReference; lastKnownFileType = sourcecode.swift; path = AddRecipeView.swift; sourceTree = "<group>"; };
		92A6AFCD2AE365E700BD39B8 /* TimerView.swift */ = {isa = PBXFileReference; lastKnownFileType = sourcecode.swift; path = TimerView.swift; sourceTree = "<group>"; };
/* End PBXFileReference section */

/* Begin PBXFrameworksBuildPhase section */
		637C51C12AE07BD00003039A /* Frameworks */ = {
			isa = PBXFrameworksBuildPhase;
			buildActionMask = 2147483647;
			files = (
			);
			runOnlyForDeploymentPostprocessing = 0;
		};
/* End PBXFrameworksBuildPhase section */

/* Begin PBXGroup section */
		637C51BB2AE07BD00003039A = {
			isa = PBXGroup;
			children = (
				637C51C62AE07BD00003039A /* RestaurantMenu */,
				637C51C52AE07BD00003039A /* Products */,
			);
			sourceTree = "<group>";
		};
		637C51C52AE07BD00003039A /* Products */ = {
			isa = PBXGroup;
			children = (
				637C51C42AE07BD00003039A /* RestaurantMenu.app */,
			);
			name = Products;
			sourceTree = "<group>";
		};
		637C51C62AE07BD00003039A /* RestaurantMenu */ = {
			isa = PBXGroup;
			children = (
				637C51DB2AE08FE00003039A /* Views */,
				637C51D62AE07C550003039A /* ViewModel */,
				637C51D52AE07C4E0003039A /* Model */,
				637C51CB2AE07BD10003039A /* Assets.xcassets */,
				637C51CD2AE07BD10003039A /* Preview Content */,
			);
			path = RestaurantMenu;
			sourceTree = "<group>";
		};
		637C51CD2AE07BD10003039A /* Preview Content */ = {
			isa = PBXGroup;
			children = (
				637C51CE2AE07BD10003039A /* Preview Assets.xcassets */,
			);
			path = "Preview Content";
			sourceTree = "<group>";
		};
		637C51D52AE07C4E0003039A /* Model */ = {
			isa = PBXGroup;
			children = (
				637C51D72AE07CF40003039A /* RecipeModel.swift */,
			);
			path = Model;
			sourceTree = "<group>";
		};
		637C51D62AE07C550003039A /* ViewModel */ = {
			isa = PBXGroup;
			children = (
				637C51D92AE07E090003039A /* Recipe_ViewModel.swift */,
			);
			path = ViewModel;
			sourceTree = "<group>";
		};
		637C51DB2AE08FE00003039A /* Views */ = {
			isa = PBXGroup;
			children = (
				637C51C72AE07BD00003039A /* RestaurantMenuApp.swift */,
				637C51C92AE07BD00003039A /* ContentView.swift */,
				637C51DC2AE0904F0003039A /* AddRecipeView.swift */,
				92A6AFCD2AE365E700BD39B8 /* TimerView.swift */,
			);
			path = Views;
			sourceTree = "<group>";
		};
/* End PBXGroup section */

/* Begin PBXNativeTarget section */
		637C51C32AE07BD00003039A /* RestaurantMenu */ = {
			isa = PBXNativeTarget;
			buildConfigurationList = 637C51D22AE07BD10003039A /* Build configuration list for PBXNativeTarget "RestaurantMenu" */;
			buildPhases = (
				637C51C02AE07BD00003039A /* Sources */,
				637C51C12AE07BD00003039A /* Frameworks */,
				637C51C22AE07BD00003039A /* Resources */,
			);
			buildRules = (
			);
			dependencies = (
			);
			name = RestaurantMenu;
			productName = RestaurantMenu;
			productReference = 637C51C42AE07BD00003039A /* RestaurantMenu.app */;
			productType = "com.apple.product-type.application";
		};
/* End PBXNativeTarget section */

/* Begin PBXProject section */
		637C51BC2AE07BD00003039A /* Project object */ = {
			isa = PBXProject;
			attributes = {
				BuildIndependentTargetsInParallel = 1;
				LastSwiftUpdateCheck = 1430;
				LastUpgradeCheck = 1430;
				TargetAttributes = {
					637C51C32AE07BD00003039A = {
						CreatedOnToolsVersion = 14.3.1;
					};
				};
			};
			buildConfigurationList = 637C51BF2AE07BD00003039A /* Build configuration list for PBXProject "RestaurantMenu" */;
			compatibilityVersion = "Xcode 14.0";
			developmentRegion = en;
			hasScannedForEncodings = 0;
			knownRegions = (
				en,
				Base,
			);
			mainGroup = 637C51BB2AE07BD00003039A;
			productRefGroup = 637C51C52AE07BD00003039A /* Products */;
			projectDirPath = "";
			projectRoot = "";
			targets = (
				637C51C32AE07BD00003039A /* RestaurantMenu */,
			);
		};
/* End PBXProject section */

/* Begin PBXResourcesBuildPhase section */
		637C51C22AE07BD00003039A /* Resources */ = {
			isa = PBXResourcesBuildPhase;
			buildActionMask = 2147483647;
			files = (
				637C51CF2AE07BD10003039A /* Preview Assets.xcassets in Resources */,
				637C51CC2AE07BD10003039A /* Assets.xcassets in Resources */,
			);
			runOnlyForDeploymentPostprocessing = 0;
		};
/* End PBXResourcesBuildPhase section */

/* Begin PBXSourcesBuildPhase section */
		637C51C02AE07BD00003039A /* Sources */ = {
			isa = PBXSourcesBuildPhase;
			buildActionMask = 2147483647;
			files = (
				92A6AFCE2AE365E700BD39B8 /* TimerView.swift in Sources */,
				637C51DA2AE07E090003039A /* Recipe_ViewModel.swift in Sources */,
				637C51CA2AE07BD00003039A /* ContentView.swift in Sources */,
				637C51C82AE07BD00003039A /* RestaurantMenuApp.swift in Sources */,
				637C51D82AE07CF40003039A /* RecipeModel.swift in Sources */,
				637C51DD2AE0904F0003039A /* AddRecipeView.swift in Sources */,
			);
			runOnlyForDeploymentPostprocessing = 0;
		};
/* End PBXSourcesBuildPhase section */

/* Begin XCBuildConfiguration section */
		637C51D02AE07BD10003039A /* Debug */ = {
			isa = XCBuildConfiguration;
			buildSettings = {
				ALWAYS_SEARCH_USER_PATHS = NO;
				CLANG_ANALYZER_NONNULL = YES;
				CLANG_ANALYZER_NUMBER_OBJECT_CONVERSION = YES_AGGRESSIVE;
				CLANG_CXX_LANGUAGE_STANDARD = "gnu++20";
				CLANG_ENABLE_MODULES = YES;
				CLANG_ENABLE_OBJC_ARC = YES;
				CLANG_ENABLE_OBJC_WEAK = YES;
				CLANG_WARN_BLOCK_CAPTURE_AUTORELEASING = YES;
				CLANG_WARN_BOOL_CONVERSION = YES;
				CLANG_WARN_COMMA = YES;
				CLANG_WARN_CONSTANT_CONVERSION = YES;
				CLANG_WARN_DEPRECATED_OBJC_IMPLEMENTATIONS = YES;
				CLANG_WARN_DIRECT_OBJC_ISA_USAGE = YES_ERROR;
				CLANG_WARN_DOCUMENTATION_COMMENTS = YES;
				CLANG_WARN_EMPTY_BODY = YES;
				CLANG_WARN_ENUM_CONVERSION = YES;
				CLANG_WARN_INFINITE_RECURSION = YES;
				CLANG_WARN_INT_CONVERSION = YES;
				CLANG_WARN_NON_LITERAL_NULL_CONVERSION = YES;
				CLANG_WARN_OBJC_IMPLICIT_RETAIN_SELF = YES;
				CLANG_WARN_OBJC_LITERAL_CONVERSION = YES;
				CLANG_WARN_OBJC_ROOT_CLASS = YES_ERROR;
				CLANG_WARN_QUOTED_INCLUDE_IN_FRAMEWORK_HEADER = YES;
				CLANG_WARN_RANGE_LOOP_ANALYSIS = YES;
				CLANG_WARN_STRICT_PROTOTYPES = YES;
				CLANG_WARN_SUSPICIOUS_MOVE = YES;
				CLANG_WARN_UNGUARDED_AVAILABILITY = YES_AGGRESSIVE;
				CLANG_WARN_UNREACHABLE_CODE = YES;
				CLANG_WARN__DUPLICATE_METHOD_MATCH = YES;
				COPY_PHASE_STRIP = NO;
				DEBUG_INFORMATION_FORMAT = dwarf;
				ENABLE_STRICT_OBJC_MSGSEND = YES;
				ENABLE_TESTABILITY = YES;
				GCC_C_LANGUAGE_STANDARD = gnu11;
				GCC_DYNAMIC_NO_PIC = NO;
				GCC_NO_COMMON_BLOCKS = YES;
				GCC_OPTIMIZATION_LEVEL = 0;
				GCC_PREPROCESSOR_DEFINITIONS = (
					"DEBUG=1",
					"$(inherited)",
				);
				GCC_WARN_64_TO_32_BIT_CONVERSION = YES;
				GCC_WARN_ABOUT_RETURN_TYPE = YES_ERROR;
				GCC_WARN_UNDECLARED_SELECTOR = YES;
				GCC_WARN_UNINITIALIZED_AUTOS = YES_AGGRESSIVE;
				GCC_WARN_UNUSED_FUNCTION = YES;
				GCC_WARN_UNUSED_VARIABLE = YES;
				IPHONEOS_DEPLOYMENT_TARGET = 16.4;
				MTL_ENABLE_DEBUG_INFO = INCLUDE_SOURCE;
				MTL_FAST_MATH = YES;
				ONLY_ACTIVE_ARCH = YES;
				SDKROOT = iphoneos;
				SWIFT_ACTIVE_COMPILATION_CONDITIONS = DEBUG;
				SWIFT_OPTIMIZATION_LEVEL = "-Onone";
			};
			name = Debug;
		};
		637C51D12AE07BD10003039A /* Release */ = {
			isa = XCBuildConfiguration;
			buildSettings = {
				ALWAYS_SEARCH_USER_PATHS = NO;
				CLANG_ANALYZER_NONNULL = YES;
				CLANG_ANALYZER_NUMBER_OBJECT_CONVERSION = YES_AGGRESSIVE;
				CLANG_CXX_LANGUAGE_STANDARD = "gnu++20";
				CLANG_ENABLE_MODULES = YES;
				CLANG_ENABLE_OBJC_ARC = YES;
				CLANG_ENABLE_OBJC_WEAK = YES;
				CLANG_WARN_BLOCK_CAPTURE_AUTORELEASING = YES;
				CLANG_WARN_BOOL_CONVERSION = YES;
				CLANG_WARN_COMMA = YES;
				CLANG_WARN_CONSTANT_CONVERSION = YES;
				CLANG_WARN_DEPRECATED_OBJC_IMPLEMENTATIONS = YES;
				CLANG_WARN_DIRECT_OBJC_ISA_USAGE = YES_ERROR;
				CLANG_WARN_DOCUMENTATION_COMMENTS = YES;
				CLANG_WARN_EMPTY_BODY = YES;
				CLANG_WARN_ENUM_CONVERSION = YES;
				CLANG_WARN_INFINITE_RECURSION = YES;
				CLANG_WARN_INT_CONVERSION = YES;
				CLANG_WARN_NON_LITERAL_NULL_CONVERSION = YES;
				CLANG_WARN_OBJC_IMPLICIT_RETAIN_SELF = YES;
				CLANG_WARN_OBJC_LITERAL_CONVERSION = YES;
				CLANG_WARN_OBJC_ROOT_CLASS = YES_ERROR;
				CLANG_WARN_QUOTED_INCLUDE_IN_FRAMEWORK_HEADER = YES;
				CLANG_WARN_RANGE_LOOP_ANALYSIS = YES;
				CLANG_WARN_STRICT_PROTOTYPES = YES;
				CLANG_WARN_SUSPICIOUS_MOVE = YES;
				CLANG_WARN_UNGUARDED_AVAILABILITY = YES_AGGRESSIVE;
				CLANG_WARN_UNREACHABLE_CODE = YES;
				CLANG_WARN__DUPLICATE_METHOD_MATCH = YES;
				COPY_PHASE_STRIP = NO;
				DEBUG_INFORMATION_FORMAT = "dwarf-with-dsym";
				ENABLE_NS_ASSERTIONS = NO;
				ENABLE_STRICT_OBJC_MSGSEND = YES;
				GCC_C_LANGUAGE_STANDARD = gnu11;
				GCC_NO_COMMON_BLOCKS = YES;
				GCC_WARN_64_TO_32_BIT_CONVERSION = YES;
				GCC_WARN_ABOUT_RETURN_TYPE = YES_ERROR;
				GCC_WARN_UNDECLARED_SELECTOR = YES;
				GCC_WARN_UNINITIALIZED_AUTOS = YES_AGGRESSIVE;
				GCC_WARN_UNUSED_FUNCTION = YES;
				GCC_WARN_UNUSED_VARIABLE = YES;
				IPHONEOS_DEPLOYMENT_TARGET = 16.4;
				MTL_ENABLE_DEBUG_INFO = NO;
				MTL_FAST_MATH = YES;
				SDKROOT = iphoneos;
				SWIFT_COMPILATION_MODE = wholemodule;
				SWIFT_OPTIMIZATION_LEVEL = "-O";
				VALIDATE_PRODUCT = YES;
			};
			name = Release;
		};
		637C51D32AE07BD10003039A /* Debug */ = {
			isa = XCBuildConfiguration;
			buildSettings = {
				ASSETCATALOG_COMPILER_APPICON_NAME = AppIcon;
				ASSETCATALOG_COMPILER_GLOBAL_ACCENT_COLOR_NAME = AccentColor;
				CODE_SIGN_STYLE = Automatic;
				CURRENT_PROJECT_VERSION = 1;
				DEVELOPMENT_ASSET_PATHS = "\"RestaurantMenu/Preview Content\"";
				DEVELOPMENT_TEAM = A4V6WT2DHK;
				ENABLE_PREVIEWS = YES;
				GENERATE_INFOPLIST_FILE = YES;
				INFOPLIST_KEY_UIApplicationSceneManifest_Generation = YES;
				INFOPLIST_KEY_UIApplicationSupportsIndirectInputEvents = YES;
				INFOPLIST_KEY_UILaunchScreen_Generation = YES;
				INFOPLIST_KEY_UISupportedInterfaceOrientations_iPad = "UIInterfaceOrientationPortrait UIInterfaceOrientationPortraitUpsideDown UIInterfaceOrientationLandscapeLeft UIInterfaceOrientationLandscapeRight";
				INFOPLIST_KEY_UISupportedInterfaceOrientations_iPhone = "UIInterfaceOrientationPortrait UIInterfaceOrientationLandscapeLeft UIInterfaceOrientationLandscapeRight";
				IPHONEOS_DEPLOYMENT_TARGET = 14.2;
				LD_RUNPATH_SEARCH_PATHS = (
					"$(inherited)",
					"@executable_path/Frameworks",
				);
				MARKETING_VERSION = 1.0;
				PRODUCT_BUNDLE_IDENTIFIER = "IOS-Exercise.RestaurantMenu";
				PRODUCT_NAME = "$(TARGET_NAME)";
				SWIFT_EMIT_LOC_STRINGS = YES;
				SWIFT_VERSION = 5.0;
				TARGETED_DEVICE_FAMILY = "1,2";
			};
			name = Debug;
		};
		637C51D42AE07BD10003039A /* Release */ = {
			isa = XCBuildConfiguration;
			buildSettings = {
				ASSETCATALOG_COMPILER_APPICON_NAME = AppIcon;
				ASSETCATALOG_COMPILER_GLOBAL_ACCENT_COLOR_NAME = AccentColor;
				CODE_SIGN_STYLE = Automatic;
				CURRENT_PROJECT_VERSION = 1;
				DEVELOPMENT_ASSET_PATHS = "\"RestaurantMenu/Preview Content\"";
				DEVELOPMENT_TEAM = A4V6WT2DHK;
				ENABLE_PREVIEWS = YES;
				GENERATE_INFOPLIST_FILE = YES;
				INFOPLIST_KEY_UIApplicationSceneManifest_Generation = YES;
				INFOPLIST_KEY_UIApplicationSupportsIndirectInputEvents = YES;
				INFOPLIST_KEY_UILaunchScreen_Generation = YES;
				INFOPLIST_KEY_UISupportedInterfaceOrientations_iPad = "UIInterfaceOrientationPortrait UIInterfaceOrientationPortraitUpsideDown UIInterfaceOrientationLandscapeLeft UIInterfaceOrientationLandscapeRight";
				INFOPLIST_KEY_UISupportedInterfaceOrientations_iPhone = "UIInterfaceOrientationPortrait UIInterfaceOrientationLandscapeLeft UIInterfaceOrientationLandscapeRight";
				IPHONEOS_DEPLOYMENT_TARGET = 14.2;
				LD_RUNPATH_SEARCH_PATHS = (
					"$(inherited)",
					"@executable_path/Frameworks",
				);
				MARKETING_VERSION = 1.0;
				PRODUCT_BUNDLE_IDENTIFIER = "IOS-Exercise.RestaurantMenu";
				PRODUCT_NAME = "$(TARGET_NAME)";
				SWIFT_EMIT_LOC_STRINGS = YES;
				SWIFT_VERSION = 5.0;
				TARGETED_DEVICE_FAMILY = "1,2";
			};
			name = Release;
		};
/* End XCBuildConfiguration section */

/* Begin XCConfigurationList section */
		637C51BF2AE07BD00003039A /* Build configuration list for PBXProject "RestaurantMenu" */ = {
			isa = XCConfigurationList;
			buildConfigurations = (
				637C51D02AE07BD10003039A /* Debug */,
				637C51D12AE07BD10003039A /* Release */,
			);
			defaultConfigurationIsVisible = 0;
			defaultConfigurationName = Release;
		};
		637C51D22AE07BD10003039A /* Build configuration list for PBXNativeTarget "RestaurantMenu" */ = {
			isa = XCConfigurationList;
			buildConfigurations = (
				637C51D32AE07BD10003039A /* Debug */,
				637C51D42AE07BD10003039A /* Release */,
			);
			defaultConfigurationIsVisible = 0;
			defaultConfigurationName = Release;
		};
/* End XCConfigurationList section */
	};
	rootObject = 637C51BC2AE07BD00003039A /* Project object */;
}
